PODS:
  - HHBaseKit (0.1.0):
    - HHBaseKit/Catagory (= 0.1.0)
    - HHBaseKit/Common (= 0.1.0)
    - HHBaseKit/Safe (= 0.1.0)
    - MJExtension
    - NSDictionary-NilSafe
    - YYCategories
  - HHBaseKit/Catagory (0.1.0):
    - MJExtension
    - NSDictionary-NilSafe
    - YYCategories
  - HHBaseKit/Common (0.1.0):
    - MJExtension
    - NSDictionary-NilSafe
    - YYCategories
  - HHBaseKit/Safe (0.1.0):
    - MJExtension
    - NSDictionary-NilSafe
    - YYCategories
  - MJExtension (3.2.1)
  - NSDictionary-NilSafe (0.2.0)
  - YYCategories (1.0.4):
    - YYCategories/no-arc (= 1.0.4)
  - YYCategories/no-arc (1.0.4)

DEPENDENCIES:
  - HHBaseKit (from `../`)

SPEC REPOS:
  trunk:
    - MJExtension
    - NSDictionary-NilSafe
    - YYCategories

EXTERNAL SOURCES:
  HHBaseKit:
    :path: "../"

SPEC CHECKSUMS:
  HHBaseKit: 0e246deffb377f22aff6870e7468325e4c583672
  MJExtension: 635f2c663dcb1bf76fa4b715b2570a5710aec545
  NSDictionary-NilSafe: 3df5056bf920974cb9822ed24bfc41af44225201
  YYCategories: 6bcd4314c6661a561410dce4a793379ebd306abd

PODFILE CHECKSUM: 92a93104691d4c508f9881247b5bcc7e9d038b8b

COCOAPODS: 1.9.1
